
Microsoft Visual Studio Solution File, Format Version 12.00
# Visual Studio Version 17
VisualStudioVersion = 17.7.34031.279
MinimumVisualStudioVersion = 10.0.40219.1
Project("{9A19103F-16F7-4668-BE54-9A1E7A4F7556}") = "StudentClassManager.Api", "src\StudentClassManager.Api\StudentClassManager.Api.csproj", "{B13914F0-78D6-4287-85A7-5D4A4F30DC53}"
EndProject
Project("{9A19103F-16F7-4668-BE54-9A1E7A4F7556}") = "StudentClassManager.Application", "src\StudentClassManager.Application\StudentClassManager.Application.csproj", "{AB32679D-4367-48E2-AD8A-A039B2F52AC3}"
EndProject
Project("{9A19103F-16F7-4668-BE54-9A1E7A4F7556}") = "StudentClassManager.Domain", "src\StudentClassManager.Domain\StudentClassManager.Domain.csproj", "{64101C35-908F-4C24-B676-B4A1433F5159}"
EndProject
Project("{9A19103F-16F7-4668-BE54-9A1E7A4F7556}") = "StudentClassManager.Infrastructure", "src\StudentClassManager.Infrastructure\StudentClassManager.Infrastructure.csproj", "{ED83FD39-54E7-4779-97E5-3B2578B0B4B2}"
EndProject
Project("{FAE04EC0-301F-11D3-BF4B-00C04F79EFBC}") = "StudentClassManager.CrossCutting.IoC", "StudentClassManager.CrossCutting.IoC\StudentClassManager.CrossCutting.IoC.csproj", "{2ECF1EEC-344C-483E-AC2C-4EE00431F921}"
EndProject
Global
	GlobalSection(SolutionConfigurationPlatforms) = preSolution
		Debug|Any CPU = Debug|Any CPU
		Release|Any CPU = Release|Any CPU
	EndGlobalSection
	GlobalSection(ProjectConfigurationPlatforms) = postSolution
		{B13914F0-78D6-4287-85A7-5D4A4F30DC53}.Debug|Any CPU.ActiveCfg = Debug|Any CPU
		{B13914F0-78D6-4287-85A7-5D4A4F30DC53}.Debug|Any CPU.Build.0 = Debug|Any CPU
		{B13914F0-78D6-4287-85A7-5D4A4F30DC53}.Release|Any CPU.ActiveCfg = Release|Any CPU
		{B13914F0-78D6-4287-85A7-5D4A4F30DC53}.Release|Any CPU.Build.0 = Release|Any CPU
		{AB32679D-4367-48E2-AD8A-A039B2F52AC3}.Debug|Any CPU.ActiveCfg = Debug|Any CPU
		{AB32679D-4367-48E2-AD8A-A039B2F52AC3}.Debug|Any CPU.Build.0 = Debug|Any CPU
		{AB32679D-4367-48E2-AD8A-A039B2F52AC3}.Release|Any CPU.ActiveCfg = Release|Any CPU
		{AB32679D-4367-48E2-AD8A-A039B2F52AC3}.Release|Any CPU.Build.0 = Release|Any CPU
		{64101C35-908F-4C24-B676-B4A1433F5159}.Debug|Any CPU.ActiveCfg = Debug|Any CPU
		{64101C35-908F-4C24-B676-B4A1433F5159}.Debug|Any CPU.Build.0 = Debug|Any CPU
		{64101C35-908F-4C24-B676-B4A1433F5159}.Release|Any CPU.ActiveCfg = Release|Any CPU
		{64101C35-908F-4C24-B676-B4A1433F5159}.Release|Any CPU.Build.0 = Release|Any CPU
		{ED83FD39-54E7-4779-97E5-3B2578B0B4B2}.Debug|Any CPU.ActiveCfg = Debug|Any CPU
		{ED83FD39-54E7-4779-97E5-3B2578B0B4B2}.Debug|Any CPU.Build.0 = Debug|Any CPU
		{ED83FD39-54E7-4779-97E5-3B2578B0B4B2}.Release|Any CPU.ActiveCfg = Release|Any CPU
		{ED83FD39-54E7-4779-97E5-3B2578B0B4B2}.Release|Any CPU.Build.0 = Release|Any CPU
		{2ECF1EEC-344C-483E-AC2C-4EE00431F921}.Debug|Any CPU.ActiveCfg = Debug|Any CPU
		{2ECF1EEC-344C-483E-AC2C-4EE00431F921}.Debug|Any CPU.Build.0 = Debug|Any CPU
		{2ECF1EEC-344C-483E-AC2C-4EE00431F921}.Release|Any CPU.ActiveCfg = Release|Any CPU
		{2ECF1EEC-344C-483E-AC2C-4EE00431F921}.Release|Any CPU.Build.0 = Release|Any CPU
	EndGlobalSection
	GlobalSection(SolutionProperties) = preSolution
		HideSolutionNode = FALSE
	EndGlobalSection
	GlobalSection(ExtensibilityGlobals) = postSolution
		SolutionGuid = {1CC62489-101D-4E88-BFE4-E61251C262C8}
	EndGlobalSection
EndGlobal
